// !$*UTF8*$!
{
	archiveVersion = 1;
	classes = {
	};
	objectVersion = 56;
	objects = {

/* Begin PBXBuildFile section */
		ADDD9EDA29BD30870039F041 /* NavigationPlaygroundApp.swift in Sources */ = {isa = PBXBuildFile; fileRef = ADDD9ED929BD30870039F041 /* NavigationPlaygroundApp.swift */; };
		ADDD9EDC29BD30870039F041 /* ContentView.swift in Sources */ = {isa = PBXBuildFile; fileRef = ADDD9EDB29BD30870039F041 /* ContentView.swift */; };
		ADDD9EDE29BD30880039F041 /* Assets.xcassets in Resources */ = {isa = PBXBuildFile; fileRef = ADDD9EDD29BD30880039F041 /* Assets.xcassets */; };
		ADDD9EE129BD30880039F041 /* Preview Assets.xcassets in Resources */ = {isa = PBXBuildFile; fileRef = ADDD9EE029BD30880039F041 /* Preview Assets.xcassets */; };
		ADDD9EE829BD35B90039F041 /* ContentViewModel.swift in Sources */ = {isa = PBXBuildFile; fileRef = ADDD9EE729BD35B90039F041 /* ContentViewModel.swift */; };
		ADDD9EEA29BD45A00039F041 /* Platform.swift in Sources */ = {isa = PBXBuildFile; fileRef = ADDD9EE929BD45A00039F041 /* Platform.swift */; };
		ADDD9EEC29BD48690039F041 /* XboxView.swift in Sources */ = {isa = PBXBuildFile; fileRef = ADDD9EEB29BD48690039F041 /* XboxView.swift */; };
		ADDD9EEE29BD493B0039F041 /* XboxViewModel.swift in Sources */ = {isa = PBXBuildFile; fileRef = ADDD9EED29BD493B0039F041 /* XboxViewModel.swift */; };
		ADDD9EF029BE55E50039F041 /* FlowCoordinator.swift in Sources */ = {isa = PBXBuildFile; fileRef = ADDD9EEF29BE55E50039F041 /* FlowCoordinator.swift */; };
/* End PBXBuildFile section */

/* Begin PBXFileReference section */
		ADDD9ED629BD30870039F041 /* NavigationPlayground.app */ = {isa = PBXFileReference; explicitFileType = wrapper.application; includeInIndex = 0; path = NavigationPlayground.app; sourceTree = BUILT_PRODUCTS_DIR; };
		ADDD9ED929BD30870039F041 /* NavigationPlaygroundApp.swift */ = {isa = PBXFileReference; lastKnownFileType = sourcecode.swift; path = NavigationPlaygroundApp.swift; sourceTree = "<group>"; };
		ADDD9EDB29BD30870039F041 /* ContentView.swift */ = {isa = PBXFileReference; lastKnownFileType = sourcecode.swift; path = ContentView.swift; sourceTree = "<group>"; };
		ADDD9EDD29BD30880039F041 /* Assets.xcassets */ = {isa = PBXFileReference; lastKnownFileType = folder.assetcatalog; path = Assets.xcassets; sourceTree = "<group>"; };
		ADDD9EE029BD30880039F041 /* Preview Assets.xcassets */ = {isa = PBXFileReference; lastKnownFileType = folder.assetcatalog; path = "Preview Assets.xcassets"; sourceTree = "<group>"; };
		ADDD9EE729BD35B90039F041 /* ContentViewModel.swift */ = {isa = PBXFileReference; lastKnownFileType = sourcecode.swift; path = ContentViewModel.swift; sourceTree = "<group>"; };
		ADDD9EE929BD45A00039F041 /* Platform.swift */ = {isa = PBXFileReference; lastKnownFileType = sourcecode.swift; path = Platform.swift; sourceTree = "<group>"; };
		ADDD9EEB29BD48690039F041 /* XboxView.swift */ = {isa = PBXFileReference; lastKnownFileType = sourcecode.swift; path = XboxView.swift; sourceTree = "<group>"; };
		ADDD9EED29BD493B0039F041 /* XboxViewModel.swift */ = {isa = PBXFileReference; lastKnownFileType = sourcecode.swift; path = XboxViewModel.swift; sourceTree = "<group>"; };
		ADDD9EEF29BE55E50039F041 /* FlowCoordinator.swift */ = {isa = PBXFileReference; lastKnownFileType = sourcecode.swift; path = FlowCoordinator.swift; sourceTree = "<group>"; };
/* End PBXFileReference section */

/* Begin PBXFrameworksBuildPhase section */
		ADDD9ED329BD30870039F041 /* Frameworks */ = {
			isa = PBXFrameworksBuildPhase;
			buildActionMask = 2147483647;
			files = (
			);
			runOnlyForDeploymentPostprocessing = 0;
		};
/* End PBXFrameworksBuildPhase section */

/* Begin PBXGroup section */
		ADDD9ECD29BD30870039F041 = {
			isa = PBXGroup;
			children = (
				ADDD9ED829BD30870039F041 /* NavigationPlayground */,
				ADDD9ED729BD30870039F041 /* Products */,
			);
			sourceTree = "<group>";
		};
		ADDD9ED729BD30870039F041 /* Products */ = {
			isa = PBXGroup;
			children = (
				ADDD9ED629BD30870039F041 /* NavigationPlayground.app */,
			);
			name = Products;
			sourceTree = "<group>";
		};
		ADDD9ED829BD30870039F041 /* NavigationPlayground */ = {
			isa = PBXGroup;
			children = (
				ADDD9ED929BD30870039F041 /* NavigationPlaygroundApp.swift */,
				ADDD9EDB29BD30870039F041 /* ContentView.swift */,
				ADDD9EE729BD35B90039F041 /* ContentViewModel.swift */,
				ADDD9EEF29BE55E50039F041 /* FlowCoordinator.swift */,
				ADDD9EEB29BD48690039F041 /* XboxView.swift */,
				ADDD9EED29BD493B0039F041 /* XboxViewModel.swift */,
				ADDD9EE929BD45A00039F041 /* Platform.swift */,
				ADDD9EDD29BD30880039F041 /* Assets.xcassets */,
				ADDD9EDF29BD30880039F041 /* Preview Content */,
			);
			path = NavigationPlayground;
			sourceTree = "<group>";
		};
		ADDD9EDF29BD30880039F041 /* Preview Content */ = {
			isa = PBXGroup;
			children = (
				ADDD9EE029BD30880039F041 /* Preview Assets.xcassets */,
			);
			path = "Preview Content";
			sourceTree = "<group>";
		};
/* End PBXGroup section */

/* Begin PBXNativeTarget section */
		ADDD9ED529BD30870039F041 /* NavigationPlayground */ = {
			isa = PBXNativeTarget;
			buildConfigurationList = ADDD9EE429BD30880039F041 /* Build configuration list for PBXNativeTarget "NavigationPlayground" */;
			buildPhases = (
				ADDD9ED229BD30870039F041 /* Sources */,
				ADDD9ED329BD30870039F041 /* Frameworks */,
				ADDD9ED429BD30870039F041 /* Resources */,
			);
			buildRules = (
			);
			dependencies = (
			);
			name = NavigationPlayground;
			productName = NavigationPlayground;
			productReference = ADDD9ED629BD30870039F041 /* NavigationPlayground.app */;
			productType = "com.apple.product-type.application";
		};
/* End PBXNativeTarget section */

/* Begin PBXProject section */
		ADDD9ECE29BD30870039F041 /* Project object */ = {
			isa = PBXProject;
			attributes = {
				BuildIndependentTargetsInParallel = 1;
				LastSwiftUpdateCheck = 1420;
				LastUpgradeCheck = 1420;
				TargetAttributes = {
					ADDD9ED529BD30870039F041 = {
						CreatedOnToolsVersion = 14.2;
					};
				};
			};
			buildConfigurationList = ADDD9ED129BD30870039F041 /* Build configuration list for PBXProject "NavigationPlayground" */;
			compatibilityVersion = "Xcode 14.0";
			developmentRegion = en;
			hasScannedForEncodings = 0;
			knownRegions = (
				en,
				Base,
			);
			mainGroup = ADDD9ECD29BD30870039F041;
			productRefGroup = ADDD9ED729BD30870039F041 /* Products */;
			projectDirPath = "";
			projectRoot = "";
			targets = (
				ADDD9ED529BD30870039F041 /* NavigationPlayground */,
			);
		};
/* End PBXProject section */

/* Begin PBXResourcesBuildPhase section */
		ADDD9ED429BD30870039F041 /* Resources */ = {
			isa = PBXResourcesBuildPhase;
			buildActionMask = 2147483647;
			files = (
				ADDD9EE129BD30880039F041 /* Preview Assets.xcassets in Resources */,
				ADDD9EDE29BD30880039F041 /* Assets.xcassets in Resources */,
			);
			runOnlyForDeploymentPostprocessing = 0;
		};
/* End PBXResourcesBuildPhase section */

/* Begin PBXSourcesBuildPhase section */
		ADDD9ED229BD30870039F041 /* Sources */ = {
			isa = PBXSourcesBuildPhase;
			buildActionMask = 2147483647;
			files = (
				ADDD9EEC29BD48690039F041 /* XboxView.swift in Sources */,
				ADDD9EF029BE55E50039F041 /* FlowCoordinator.swift in Sources */,
				ADDD9EDC29BD30870039F041 /* ContentView.swift in Sources */,
				ADDD9EDA29BD30870039F041 /* NavigationPlaygroundApp.swift in Sources */,
				ADDD9EEA29BD45A00039F041 /* Platform.swift in Sources */,
				ADDD9EE829BD35B90039F041 /* ContentViewModel.swift in Sources */,
				ADDD9EEE29BD493B0039F041 /* XboxViewModel.swift in Sources */,
			);
			runOnlyForDeploymentPostprocessing = 0;
		};
/* End PBXSourcesBuildPhase section */

/* Begin XCBuildConfiguration section */
		ADDD9EE229BD30880039F041 /* Debug */ = {
			isa = XCBuildConfiguration;
			buildSettings = {
				ALWAYS_SEARCH_USER_PATHS = NO;
				CLANG_ANALYZER_NONNULL = YES;
				CLANG_ANALYZER_NUMBER_OBJECT_CONVERSION = YES_AGGRESSIVE;
				CLANG_CXX_LANGUAGE_STANDARD = "gnu++20";
				CLANG_ENABLE_MODULES = YES;
				CLANG_ENABLE_OBJC_ARC = YES;
				CLANG_ENABLE_OBJC_WEAK = YES;
				CLANG_WARN_BLOCK_CAPTURE_AUTORELEASING = YES;
				CLANG_WARN_BOOL_CONVERSION = YES;
				CLANG_WARN_COMMA = YES;
				CLANG_WARN_CONSTANT_CONVERSION = YES;
				CLANG_WARN_DEPRECATED_OBJC_IMPLEMENTATIONS = YES;
				CLANG_WARN_DIRECT_OBJC_ISA_USAGE = YES_ERROR;
				CLANG_WARN_DOCUMENTATION_COMMENTS = YES;
				CLANG_WARN_EMPTY_BODY = YES;
				CLANG_WARN_ENUM_CONVERSION = YES;
				CLANG_WARN_INFINITE_RECURSION = YES;
				CLANG_WARN_INT_CONVERSION = YES;
				CLANG_WARN_NON_LITERAL_NULL_CONVERSION = YES;
				CLANG_WARN_OBJC_IMPLICIT_RETAIN_SELF = YES;
				CLANG_WARN_OBJC_LITERAL_CONVERSION = YES;
				CLANG_WARN_OBJC_ROOT_CLASS = YES_ERROR;
				CLANG_WARN_QUOTED_INCLUDE_IN_FRAMEWORK_HEADER = YES;
				CLANG_WARN_RANGE_LOOP_ANALYSIS = YES;
				CLANG_WARN_STRICT_PROTOTYPES = YES;
				CLANG_WARN_SUSPICIOUS_MOVE = YES;
				CLANG_WARN_UNGUARDED_AVAILABILITY = YES_AGGRESSIVE;
				CLANG_WARN_UNREACHABLE_CODE = YES;
				CLANG_WARN__DUPLICATE_METHOD_MATCH = YES;
				COPY_PHASE_STRIP = NO;
				DEBUG_INFORMATION_FORMAT = dwarf;
				ENABLE_STRICT_OBJC_MSGSEND = YES;
				ENABLE_TESTABILITY = YES;
				GCC_C_LANGUAGE_STANDARD = gnu11;
				GCC_DYNAMIC_NO_PIC = NO;
				GCC_NO_COMMON_BLOCKS = YES;
				GCC_OPTIMIZATION_LEVEL = 0;
				GCC_PREPROCESSOR_DEFINITIONS = (
					"DEBUG=1",
					"$(inherited)",
				);
				GCC_WARN_64_TO_32_BIT_CONVERSION = YES;
				GCC_WARN_ABOUT_RETURN_TYPE = YES_ERROR;
				GCC_WARN_UNDECLARED_SELECTOR = YES;
				GCC_WARN_UNINITIALIZED_AUTOS = YES_AGGRESSIVE;
				GCC_WARN_UNUSED_FUNCTION = YES;
				GCC_WARN_UNUSED_VARIABLE = YES;
				IPHONEOS_DEPLOYMENT_TARGET = 16.2;
				MTL_ENABLE_DEBUG_INFO = INCLUDE_SOURCE;
				MTL_FAST_MATH = YES;
				ONLY_ACTIVE_ARCH = YES;
				SDKROOT = iphoneos;
				SWIFT_ACTIVE_COMPILATION_CONDITIONS = DEBUG;
				SWIFT_OPTIMIZATION_LEVEL = "-Onone";
			};
			name = Debug;
		};
		ADDD9EE329BD30880039F041 /* Release */ = {
			isa = XCBuildConfiguration;
			buildSettings = {
				ALWAYS_SEARCH_USER_PATHS = NO;
				CLANG_ANALYZER_NONNULL = YES;
				CLANG_ANALYZER_NUMBER_OBJECT_CONVERSION = YES_AGGRESSIVE;
				CLANG_CXX_LANGUAGE_STANDARD = "gnu++20";
				CLANG_ENABLE_MODULES = YES;
				CLANG_ENABLE_OBJC_ARC = YES;
				CLANG_ENABLE_OBJC_WEAK = YES;
				CLANG_WARN_BLOCK_CAPTURE_AUTORELEASING = YES;
				CLANG_WARN_BOOL_CONVERSION = YES;
				CLANG_WARN_COMMA = YES;
				CLANG_WARN_CONSTANT_CONVERSION = YES;
				CLANG_WARN_DEPRECATED_OBJC_IMPLEMENTATIONS = YES;
				CLANG_WARN_DIRECT_OBJC_ISA_USAGE = YES_ERROR;
				CLANG_WARN_DOCUMENTATION_COMMENTS = YES;
				CLANG_WARN_EMPTY_BODY = YES;
				CLANG_WARN_ENUM_CONVERSION = YES;
				CLANG_WARN_INFINITE_RECURSION = YES;
				CLANG_WARN_INT_CONVERSION = YES;
				CLANG_WARN_NON_LITERAL_NULL_CONVERSION = YES;
				CLANG_WARN_OBJC_IMPLICIT_RETAIN_SELF = YES;
				CLANG_WARN_OBJC_LITERAL_CONVERSION = YES;
				CLANG_WARN_OBJC_ROOT_CLASS = YES_ERROR;
				CLANG_WARN_QUOTED_INCLUDE_IN_FRAMEWORK_HEADER = YES;
				CLANG_WARN_RANGE_LOOP_ANALYSIS = YES;
				CLANG_WARN_STRICT_PROTOTYPES = YES;
				CLANG_WARN_SUSPICIOUS_MOVE = YES;
				CLANG_WARN_UNGUARDED_AVAILABILITY = YES_AGGRESSIVE;
				CLANG_WARN_UNREACHABLE_CODE = YES;
				CLANG_WARN__DUPLICATE_METHOD_MATCH = YES;
				COPY_PHASE_STRIP = NO;
				DEBUG_INFORMATION_FORMAT = "dwarf-with-dsym";
				ENABLE_NS_ASSERTIONS = NO;
				ENABLE_STRICT_OBJC_MSGSEND = YES;
				GCC_C_LANGUAGE_STANDARD = gnu11;
				GCC_NO_COMMON_BLOCKS = YES;
				GCC_WARN_64_TO_32_BIT_CONVERSION = YES;
				GCC_WARN_ABOUT_RETURN_TYPE = YES_ERROR;
				GCC_WARN_UNDECLARED_SELECTOR = YES;
				GCC_WARN_UNINITIALIZED_AUTOS = YES_AGGRESSIVE;
				GCC_WARN_UNUSED_FUNCTION = YES;
				GCC_WARN_UNUSED_VARIABLE = YES;
				IPHONEOS_DEPLOYMENT_TARGET = 16.2;
				MTL_ENABLE_DEBUG_INFO = NO;
				MTL_FAST_MATH = YES;
				SDKROOT = iphoneos;
				SWIFT_COMPILATION_MODE = wholemodule;
				SWIFT_OPTIMIZATION_LEVEL = "-O";
				VALIDATE_PRODUCT = YES;
			};
			name = Release;
		};
		ADDD9EE529BD30880039F041 /* Debug */ = {
			isa = XCBuildConfiguration;
			buildSettings = {
				ASSETCATALOG_COMPILER_APPICON_NAME = AppIcon;
				ASSETCATALOG_COMPILER_GLOBAL_ACCENT_COLOR_NAME = AccentColor;
				CODE_SIGN_STYLE = Automatic;
				CURRENT_PROJECT_VERSION = 1;
				DEVELOPMENT_ASSET_PATHS = "\"NavigationPlayground/Preview Content\"";
				DEVELOPMENT_TEAM = AHPXYUCLH6;
				ENABLE_PREVIEWS = YES;
				GENERATE_INFOPLIST_FILE = YES;
				INFOPLIST_KEY_UIApplicationSceneManifest_Generation = YES;
				INFOPLIST_KEY_UIApplicationSupportsIndirectInputEvents = YES;
				INFOPLIST_KEY_UILaunchScreen_Generation = YES;
				INFOPLIST_KEY_UISupportedInterfaceOrientations_iPad = "UIInterfaceOrientationPortrait UIInterfaceOrientationPortraitUpsideDown UIInterfaceOrientationLandscapeLeft UIInterfaceOrientationLandscapeRight";
				INFOPLIST_KEY_UISupportedInterfaceOrientations_iPhone = "UIInterfaceOrientationPortrait UIInterfaceOrientationLandscapeLeft UIInterfaceOrientationLandscapeRight";
				LD_RUNPATH_SEARCH_PATHS = (
					"$(inherited)",
					"@executable_path/Frameworks",
				);
				MARKETING_VERSION = 1.0;
				PRODUCT_BUNDLE_IDENTIFIER = com.wyatt.NavigationPlayground;
				PRODUCT_NAME = "$(TARGET_NAME)";
				SWIFT_EMIT_LOC_STRINGS = YES;
				SWIFT_VERSION = 5.0;
				TARGETED_DEVICE_FAMILY = "1,2";
			};
			name = Debug;
		};
		ADDD9EE629BD30880039F041 /* Release */ = {
			isa = XCBuildConfiguration;
			buildSettings = {
				ASSETCATALOG_COMPILER_APPICON_NAME = AppIcon;
				ASSETCATALOG_COMPILER_GLOBAL_ACCENT_COLOR_NAME = AccentColor;
				CODE_SIGN_STYLE = Automatic;
				CURRENT_PROJECT_VERSION = 1;
				DEVELOPMENT_ASSET_PATHS = "\"NavigationPlayground/Preview Content\"";
				DEVELOPMENT_TEAM = AHPXYUCLH6;
				ENABLE_PREVIEWS = YES;
				GENERATE_INFOPLIST_FILE = YES;
				INFOPLIST_KEY_UIApplicationSceneManifest_Generation = YES;
				INFOPLIST_KEY_UIApplicationSupportsIndirectInputEvents = YES;
				INFOPLIST_KEY_UILaunchScreen_Generation = YES;
				INFOPLIST_KEY_UISupportedInterfaceOrientations_iPad = "UIInterfaceOrientationPortrait UIInterfaceOrientationPortraitUpsideDown UIInterfaceOrientationLandscapeLeft UIInterfaceOrientationLandscapeRight";
				INFOPLIST_KEY_UISupportedInterfaceOrientations_iPhone = "UIInterfaceOrientationPortrait UIInterfaceOrientationLandscapeLeft UIInterfaceOrientationLandscapeRight";
				LD_RUNPATH_SEARCH_PATHS = (
					"$(inherited)",
					"@executable_path/Frameworks",
				);
				MARKETING_VERSION = 1.0;
				PRODUCT_BUNDLE_IDENTIFIER = com.wyatt.NavigationPlayground;
				PRODUCT_NAME = "$(TARGET_NAME)";
				SWIFT_EMIT_LOC_STRINGS = YES;
				SWIFT_VERSION = 5.0;
				TARGETED_DEVICE_FAMILY = "1,2";
			};
			name = Release;
		};
/* End XCBuildConfiguration section */

/* Begin XCConfigurationList section */
		ADDD9ED129BD30870039F041 /* Build configuration list for PBXProject "NavigationPlayground" */ = {
			isa = XCConfigurationList;
			buildConfigurations = (
				ADDD9EE229BD30880039F041 /* Debug */,
				ADDD9EE329BD30880039F041 /* Release */,
			);
			defaultConfigurationIsVisible = 0;
			defaultConfigurationName = Release;
		};
		ADDD9EE429BD30880039F041 /* Build configuration list for PBXNativeTarget "NavigationPlayground" */ = {
			isa = XCConfigurationList;
			buildConfigurations = (
				ADDD9EE529BD30880039F041 /* Debug */,
				ADDD9EE629BD30880039F041 /* Release */,
			);
			defaultConfigurationIsVisible = 0;
			defaultConfigurationName = Release;
		};
/* End XCConfigurationList section */
	};
	rootObject = ADDD9ECE29BD30870039F041 /* Project object */;
}
